// !$*UTF8*$!
{
	archiveVersion = 1;
	classes = {
	};
	objectVersion = 46;
	objects = {

/* Begin PBXBuildFile section */
		6323863D22E5A4220011D2F9 /* SearchTest.swift in Sources */ = {isa = PBXBuildFile; fileRef = 6323863C22E5A4220011D2F9 /* SearchTest.swift */; };
		63C2EB6422E193D800E9208F /* SafeIrbisTest.swift in Sources */ = {isa = PBXBuildFile; fileRef = 63C2EB6322E193D800E9208F /* SafeIrbisTest.swift */; };
		63C2EB6A22E1945000E9208F /* FirstTest.swift in Sources */ = {isa = PBXBuildFile; fileRef = 63C2EB6922E1945000E9208F /* FirstTest.swift */; };
		BF0BA6BBBE0D19448C12CFE2 /* Search.swift in Sources */ = {isa = PBXBuildFile; fileRef = BF0B1344870DCEF888AB42F8 /* Search.swift */; };
		BF0BC6C68AFFC9873E74A568 /* main.swift in Sources */ = {isa = PBXBuildFile; fileRef = BF0ABCAEBA87836006B2AFDC /* main.swift */; };
/* End PBXBuildFile section */

/* Begin PBXCopyFilesBuildPhase section */
		BF09E8CE26E63602532EA55E /* CopyFiles */ = {
			isa = PBXCopyFilesBuildPhase;
			buildActionMask = 2147483647;
			dstPath = /usr/share/man/man1/;
			dstSubfolderSpec = 0;
			files = (
			);
			runOnlyForDeploymentPostprocessing = 1;
		};
/* End PBXCopyFilesBuildPhase section */

/* Begin PBXFileReference section */
		6323863C22E5A4220011D2F9 /* SearchTest.swift */ = {isa = PBXFileReference; lastKnownFileType = sourcecode.swift; path = SearchTest.swift; sourceTree = "<group>"; };
		63C2EB6122E193D800E9208F /* SafeIrbisTest.xctest */ = {isa = PBXFileReference; explicitFileType = wrapper.cfbundle; includeInIndex = 0; path = SafeIrbisTest.xctest; sourceTree = BUILT_PRODUCTS_DIR; };
		63C2EB6322E193D800E9208F /* SafeIrbisTest.swift */ = {isa = PBXFileReference; lastKnownFileType = sourcecode.swift; path = SafeIrbisTest.swift; sourceTree = "<group>"; };
		63C2EB6522E193D800E9208F /* Info.plist */ = {isa = PBXFileReference; lastKnownFileType = text.plist.xml; path = Info.plist; sourceTree = "<group>"; };
		63C2EB6922E1945000E9208F /* FirstTest.swift */ = {isa = PBXFileReference; lastKnownFileType = sourcecode.swift; name = FirstTest.swift; path = SafeIrbisTest/FirstTest.swift; sourceTree = SOURCE_ROOT; };
		BF07DD83E28600733BD0BC60 /* SwiftIrbis */ = {isa = PBXFileReference; explicitFileType = "compiled.mach-o.executable"; includeInIndex = 0; path = SwiftIrbis; sourceTree = BUILT_PRODUCTS_DIR; };
		BF0ABCAEBA87836006B2AFDC /* main.swift */ = {isa = PBXFileReference; lastKnownFileType = sourcecode.swift; path = main.swift; sourceTree = "<group>"; };
		BF0B1344870DCEF888AB42F8 /* Search.swift */ = {isa = PBXFileReference; fileEncoding = 4; lastKnownFileType = sourcecode.swift; path = Search.swift; sourceTree = "<group>"; };
/* End PBXFileReference section */

/* Begin PBXFrameworksBuildPhase section */
		63C2EB5E22E193D800E9208F /* Frameworks */ = {
			isa = PBXFrameworksBuildPhase;
			buildActionMask = 2147483647;
			files = (
			);
			runOnlyForDeploymentPostprocessing = 0;
		};
		BF00F20D7D42B6444E7450A5 /* Frameworks */ = {
			isa = PBXFrameworksBuildPhase;
			buildActionMask = 2147483647;
			files = (
			);
			runOnlyForDeploymentPostprocessing = 0;
		};
/* End PBXFrameworksBuildPhase section */

/* Begin PBXGroup section */
		63C2EB6222E193D800E9208F /* SafeIrbisTest */ = {
			isa = PBXGroup;
			children = (
				63C2EB6322E193D800E9208F /* SafeIrbisTest.swift */,
				63C2EB6522E193D800E9208F /* Info.plist */,
				6323863C22E5A4220011D2F9 /* SearchTest.swift */,
			);
			path = SafeIrbisTest;
			sourceTree = "<group>";
		};
		BF0C660E3C5A6D8CBF22C386 /* SwiftIrbis */ = {
			isa = PBXGroup;
			children = (
				BF0ABCAEBA87836006B2AFDC /* main.swift */,
				63C2EB6922E1945000E9208F /* FirstTest.swift */,
				BF0B1344870DCEF888AB42F8 /* Search.swift */,
			);
			path = SwiftIrbis;
			sourceTree = "<group>";
		};
		BF0D6AB0A86D1B365BAACC50 /* Products */ = {
			isa = PBXGroup;
			children = (
				BF07DD83E28600733BD0BC60 /* SwiftIrbis */,
				63C2EB6122E193D800E9208F /* SafeIrbisTest.xctest */,
			);
			name = Products;
			sourceTree = "<group>";
		};
		BF0E24E76D4C3229A3A86328 = {
			isa = PBXGroup;
			children = (
				63C2EB6222E193D800E9208F /* SafeIrbisTest */,
				BF0D6AB0A86D1B365BAACC50 /* Products */,
				BF0C660E3C5A6D8CBF22C386 /* SwiftIrbis */,
			);
			sourceTree = "<group>";
		};
/* End PBXGroup section */

/* Begin PBXNativeTarget section */
		63C2EB6022E193D800E9208F /* SafeIrbisTest */ = {
			isa = PBXNativeTarget;
			buildConfigurationList = 63C2EB6822E193D800E9208F /* Build configuration list for PBXNativeTarget "SafeIrbisTest" */;
			buildPhases = (
				63C2EB5D22E193D800E9208F /* Sources */,
				63C2EB5E22E193D800E9208F /* Frameworks */,
				63C2EB5F22E193D800E9208F /* Resources */,
			);
			buildRules = (
			);
			dependencies = (
			);
			name = SafeIrbisTest;
			productName = SafeIrbisTest;
			productReference = 63C2EB6122E193D800E9208F /* SafeIrbisTest.xctest */;
			productType = "com.apple.product-type.bundle.unit-test";
		};
		BF02548F1048DB0CC5CF9253 /* SwiftIrbis */ = {
			isa = PBXNativeTarget;
			buildConfigurationList = BF0D50E7F62DC1FCEE2C3D38 /* Build configuration list for PBXNativeTarget "SwiftIrbis" */;
			buildPhases = (
				BF084FCDA87B56523585598D /* Sources */,
				BF00F20D7D42B6444E7450A5 /* Frameworks */,
				BF09E8CE26E63602532EA55E /* CopyFiles */,
			);
			buildRules = (
			);
			dependencies = (
			);
			name = SwiftIrbis;
			productName = SwiftIrbis;
			productReference = BF07DD83E28600733BD0BC60 /* SwiftIrbis */;
			productType = "com.apple.product-type.tool";
		};
/* End PBXNativeTarget section */

/* Begin PBXProject section */
		BF0FD0E9D5CBF1A1E4E4C8BA /* Project object */ = {
			isa = PBXProject;
			attributes = {
				LastSwiftUpdateCheck = 1020;
				ORGANIZATIONNAME = "Alexey Mironov";
				TargetAttributes = {
					63C2EB6022E193D800E9208F = {
						CreatedOnToolsVersion = 10.2.1;
						ProvisioningStyle = Automatic;
					};
				};
			};
			buildConfigurationList = BF0D47447690C18A9AFBE90E /* Build configuration list for PBXProject "SwiftIrbis" */;
			compatibilityVersion = "Xcode 3.2";
			developmentRegion = English;
			hasScannedForEncodings = 0;
			knownRegions = (
				English,
				en,
			);
			mainGroup = BF0E24E76D4C3229A3A86328;
			productRefGroup = BF0D6AB0A86D1B365BAACC50 /* Products */;
			projectDirPath = "";
			projectRoot = "";
			targets = (
				BF02548F1048DB0CC5CF9253 /* SwiftIrbis */,
				63C2EB6022E193D800E9208F /* SafeIrbisTest */,
			);
		};
/* End PBXProject section */

/* Begin PBXResourcesBuildPhase section */
		63C2EB5F22E193D800E9208F /* Resources */ = {
			isa = PBXResourcesBuildPhase;
			buildActionMask = 2147483647;
			files = (
			);
			runOnlyForDeploymentPostprocessing = 0;
		};
/* End PBXResourcesBuildPhase section */

/* Begin PBXSourcesBuildPhase section */
		63C2EB5D22E193D800E9208F /* Sources */ = {
			isa = PBXSourcesBuildPhase;
			buildActionMask = 2147483647;
			files = (
				63C2EB6A22E1945000E9208F /* FirstTest.swift in Sources */,
				63C2EB6422E193D800E9208F /* SafeIrbisTest.swift in Sources */,
				6323863D22E5A4220011D2F9 /* SearchTest.swift in Sources */,
			);
			runOnlyForDeploymentPostprocessing = 0;
		};
		BF084FCDA87B56523585598D /* Sources */ = {
			isa = PBXSourcesBuildPhase;
			buildActionMask = 2147483647;
			files = (
				BF0BC6C68AFFC9873E74A568 /* main.swift in Sources */,
				BF0BA6BBBE0D19448C12CFE2 /* Search.swift in Sources */,
			);
			runOnlyForDeploymentPostprocessing = 0;
		};
/* End PBXSourcesBuildPhase section */

/* Begin XCBuildConfiguration section */
		63C2EB6622E193D800E9208F /* Debug */ = {
			isa = XCBuildConfiguration;
			buildSettings = {
				CODE_SIGN_STYLE = Automatic;
				COMBINE_HIDPI_IMAGES = YES;
				INFOPLIST_FILE = SafeIrbisTest/Info.plist;
				LD_RUNPATH_SEARCH_PATHS = "$(inherited) @executable_path/../Frameworks @loader_path/../Frameworks";
				PRODUCT_BUNDLE_IDENTIFIER = AM.SafeIrbisTest;
				PRODUCT_NAME = "$(TARGET_NAME)";
				SWIFT_VERSION = 5.0;
			};
			name = Debug;
		};
		63C2EB6722E193D800E9208F /* Release */ = {
			isa = XCBuildConfiguration;
			buildSettings = {
				CODE_SIGN_STYLE = Automatic;
				COMBINE_HIDPI_IMAGES = YES;
				INFOPLIST_FILE = SafeIrbisTest/Info.plist;
				LD_RUNPATH_SEARCH_PATHS = "$(inherited) @executable_path/../Frameworks @loader_path/../Frameworks";
				PRODUCT_BUNDLE_IDENTIFIER = AM.SafeIrbisTest;
				PRODUCT_NAME = "$(TARGET_NAME)";
				SWIFT_VERSION = 5.0;
			};
			name = Release;
		};
		BF027C24D5593AF358E44B2F /* Release */ = {
			isa = XCBuildConfiguration;
			buildSettings = {
				PRODUCT_NAME = "$(TARGET_NAME)";
				SWIFT_VERSION = 5.0;
			};
			name = Release;
		};
		BF03BAFAAA06753B20401C3B /* Release */ = {
			isa = XCBuildConfiguration;
			buildSettings = {
				ALWAYS_SEARCH_USER_PATHS = NO;
				CLANG_ANALYZER_NONNULL = YES;
				CLANG_ANALYZER_NUMBER_OBJECT_CONVERSION = YES_AGGRESSIVE;
				CLANG_CXX_LANGUAGE_STANDARD = "gnu++14";
				CLANG_CXX_LIBRARY = "libc++";
				CLANG_ENABLE_MODULES = YES;
				CLANG_ENABLE_OBJC_ARC = YES;
				CLANG_ENABLE_OBJC_WEAK = YES;
				CLANG_WARN_BLOCK_CAPTURE_AUTORELEASING = YES;
				CLANG_WARN_BOOL_CONVERSION = YES;
				CLANG_WARN_COMMA = YES;
				CLANG_WARN_CONSTANT_CONVERSION = YES;
				CLANG_WARN_DEPRECATED_OBJC_IMPLEMENTATIONS = YES;
				CLANG_WARN_DIRECT_OBJC_ISA_USAGE = YES_ERROR;
				CLANG_WARN_DOCUMENTATION_COMMENTS = YES;
				CLANG_WARN_EMPTY_BODY = YES;
				CLANG_WARN_ENUM_CONVERSION = YES;
				CLANG_WARN_INFINITE_RECURSION = YES;
				CLANG_WARN_INT_CONVERSION = YES;
				CLANG_WARN_NON_LITERAL_NULL_CONVERSION = YES;
				CLANG_WARN_OBJC_IMPLICIT_RETAIN_SELF = YES;
				CLANG_WARN_OBJC_LITERAL_CONVERSION = YES;
				CLANG_WARN_OBJC_ROOT_CLASS = YES_ERROR;
				CLANG_WARN_RANGE_LOOP_ANALYSIS = YES;
				CLANG_WARN_STRICT_PROTOTYPES = YES;
				CLANG_WARN_SUSPICIOUS_MOVE = YES;
				CLANG_WARN_UNGUARDED_AVAILABILITY = YES_AGGRESSIVE;
				CLANG_WARN_UNREACHABLE_CODE = YES;
				CLANG_WARN__DUPLICATE_METHOD_MATCH = YES;
				CODE_SIGN_IDENTITY = "-";
				COPY_PHASE_STRIP = NO;
				DEBUG_INFORMATION_FORMAT = "dwarf-with-dsym";
				ENABLE_NS_ASSERTIONS = NO;
				ENABLE_STRICT_OBJC_MSGSEND = YES;
				GCC_C_LANGUAGE_STANDARD = gnu11;
				GCC_NO_COMMON_BLOCKS = YES;
				GCC_WARN_64_TO_32_BIT_CONVERSION = YES;
				GCC_WARN_ABOUT_RETURN_TYPE = YES_ERROR;
				GCC_WARN_UNDECLARED_SELECTOR = YES;
				GCC_WARN_UNINITIALIZED_AUTOS = YES_AGGRESSIVE;
				GCC_WARN_UNUSED_FUNCTION = YES;
				GCC_WARN_UNUSED_VARIABLE = YES;
				MACOSX_DEPLOYMENT_TARGET = 10.14;
				MTL_ENABLE_DEBUG_INFO = NO;
				MTL_FAST_MATH = YES;
				SDKROOT = macosx;
				SWIFT_OPTIMIZATION_LEVEL = "-Owholemodule";
			};
			name = Release;
		};
		BF08BCB3E20CE27D73412CC7 /* Debug */ = {
			isa = XCBuildConfiguration;
			buildSettings = {
				PRODUCT_NAME = "$(TARGET_NAME)";
				SWIFT_VERSION = 5.0;
			};
			name = Debug;
		};
		BF0F933344EE925A0C1C085E /* Debug */ = {
			isa = XCBuildConfiguration;
			buildSettings = {
				ALWAYS_SEARCH_USER_PATHS = NO;
				CLANG_ANALYZER_NONNULL = YES;
				CLANG_ANALYZER_NUMBER_OBJECT_CONVERSION = YES_AGGRESSIVE;
				CLANG_CXX_LANGUAGE_STANDARD = "gnu++14";
				CLANG_CXX_LIBRARY = "libc++";
				CLANG_ENABLE_MODULES = YES;
				CLANG_ENABLE_OBJC_ARC = YES;
				CLANG_ENABLE_OBJC_WEAK = YES;
				CLANG_WARN_BLOCK_CAPTURE_AUTORELEASING = YES;
				CLANG_WARN_BOOL_CONVERSION = YES;
				CLANG_WARN_COMMA = YES;
				CLANG_WARN_CONSTANT_CONVERSION = YES;
				CLANG_WARN_DEPRECATED_OBJC_IMPLEMENTATIONS = YES;
				CLANG_WARN_DIRECT_OBJC_ISA_USAGE = YES_ERROR;
				CLANG_WARN_DOCUMENTATION_COMMENTS = YES;
				CLANG_WARN_EMPTY_BODY = YES;
				CLANG_WARN_ENUM_CONVERSION = YES;
				CLANG_WARN_INFINITE_RECURSION = YES;
				CLANG_WARN_INT_CONVERSION = YES;
				CLANG_WARN_NON_LITERAL_NULL_CONVERSION = YES;
				CLANG_WARN_OBJC_IMPLICIT_RETAIN_SELF = YES;
				CLANG_WARN_OBJC_LITERAL_CONVERSION = YES;
				CLANG_WARN_OBJC_ROOT_CLASS = YES_ERROR;
				CLANG_WARN_RANGE_LOOP_ANALYSIS = YES;
				CLANG_WARN_STRICT_PROTOTYPES = YES;
				CLANG_WARN_SUSPICIOUS_MOVE = YES;
				CLANG_WARN_UNGUARDED_AVAILABILITY = YES_AGGRESSIVE;
				CLANG_WARN_UNREACHABLE_CODE = YES;
				CLANG_WARN__DUPLICATE_METHOD_MATCH = YES;
				CODE_SIGN_IDENTITY = "-";
				COPY_PHASE_STRIP = NO;
				DEBUG_INFORMATION_FORMAT = dwarf;
				ENABLE_STRICT_OBJC_MSGSEND = YES;
				ENABLE_TESTABILITY = YES;
				GCC_C_LANGUAGE_STANDARD = gnu11;
				GCC_DYNAMIC_NO_PIC = NO;
				GCC_NO_COMMON_BLOCKS = YES;
				GCC_OPTIMIZATION_LEVEL = 0;
				GCC_PREPROCESSOR_DEFINITIONS = (
					"DEBUG=1",
					"$(inherited)",
				);
				GCC_WARN_64_TO_32_BIT_CONVERSION = YES;
				GCC_WARN_ABOUT_RETURN_TYPE = YES_ERROR;
				GCC_WARN_UNDECLARED_SELECTOR = YES;
				GCC_WARN_UNINITIALIZED_AUTOS = YES_AGGRESSIVE;
				GCC_WARN_UNUSED_FUNCTION = YES;
				GCC_WARN_UNUSED_VARIABLE = YES;
				MACOSX_DEPLOYMENT_TARGET = 10.14;
				MTL_ENABLE_DEBUG_INFO = INCLUDE_SOURCE;
				MTL_FAST_MATH = YES;
				ONLY_ACTIVE_ARCH = YES;
				SDKROOT = macosx;
				SWIFT_ACTIVE_COMPILATION_CONDITIONS = DEBUG;
				SWIFT_OPTIMIZATION_LEVEL = "-Onone";
			};
			name = Debug;
		};
/* End XCBuildConfiguration section */

/* Begin XCConfigurationList section */
		63C2EB6822E193D800E9208F /* Build configuration list for PBXNativeTarget "SafeIrbisTest" */ = {
			isa = XCConfigurationList;
			buildConfigurations = (
				63C2EB6622E193D800E9208F /* Debug */,
				63C2EB6722E193D800E9208F /* Release */,
			);
			defaultConfigurationIsVisible = 0;
			defaultConfigurationName = Release;
		};
		BF0D47447690C18A9AFBE90E /* Build configuration list for PBXProject "SwiftIrbis" */ = {
			isa = XCConfigurationList;
			buildConfigurations = (
				BF0F933344EE925A0C1C085E /* Debug */,
				BF03BAFAAA06753B20401C3B /* Release */,
			);
			defaultConfigurationIsVisible = 0;
			defaultConfigurationName = Release;
		};
		BF0D50E7F62DC1FCEE2C3D38 /* Build configuration list for PBXNativeTarget "SwiftIrbis" */ = {
			isa = XCConfigurationList;
			buildConfigurations = (
				BF08BCB3E20CE27D73412CC7 /* Debug */,
				BF027C24D5593AF358E44B2F /* Release */,
			);
			defaultConfigurationIsVisible = 0;
			defaultConfigurationName = Release;
		};
/* End XCConfigurationList section */
	};
	rootObject = BF0FD0E9D5CBF1A1E4E4C8BA /* Project object */;
}
